<?xml version="1.0" encoding="utf-8"?>
<Project ToolsVersion="4.0" xmlns="http://schemas.microsoft.com/developer/msbuild/2003">
  <ItemGroup>
    <Filter Include="소스 파일">
      <UniqueIdentifier>{4FC737F1-C7A5-4376-A066-2A32D752A2FF}</UniqueIdentifier>
      <Extensions>cpp;c;cc;cxx;c++;cppm;ixx;def;odl;idl;hpj;bat;asm;asmx</Extensions>
    </Filter>
    <Filter Include="헤더 파일">
      <UniqueIdentifier>{93995380-89BD-4b04-88EB-625FBE52EBFB}</UniqueIdentifier>
      <Extensions>h;hh;hpp;hxx;h++;hm;inl;inc;ipp;xsd</Extensions>
    </Filter>
    <Filter Include="리소스 파일">
      <UniqueIdentifier>{67DA6AB6-F800-4c08-8B7A-83BB121AAD01}</UniqueIdentifier>
      <Extensions>rc;ico;cur;bmp;dlg;rc2;rct;bin;rgs;gif;jpg;jpeg;jpe;resx;tiff;tif;png;wav;mfcribbon-ms</Extensions>
    </Filter>
    <Filter Include="Class_Constents">
      <UniqueIdentifier>{65863ef7-c9ad-4e85-9c2a-4106d1edef68}</UniqueIdentifier>
    </Filter>
    <Filter Include="Class_Constents\1weeks">
      <UniqueIdentifier>{38497aa1-6fd1-438c-812f-f26462a27420}</UniqueIdentifier>
    </Filter>
    <Filter Include="소스 파일\Chess_ProfesserCode">
      <UniqueIdentifier>{b739fad1-b96c-4949-969e-4b2bc71e2a4e}</UniqueIdentifier>
    </Filter>
    <Filter Include="소스 파일\Homeworks_Server">
      <UniqueIdentifier>{ee472701-d069-47fd-a2ce-cb180405ffef}</UniqueIdentifier>
    </Filter>
  </ItemGroup>
  <ItemGroup>
    <ClCompile Include="class_contents.cpp">
      <Filter>Class_Constents\1weeks</Filter>
    </ClCompile>
  </ItemGroup>
</Project>